github.com/MicahParks/keyfunc v0.4.2 h1:lRI40bfLnPuI0ZeI0eViDyk3p5vkUiR/+8g1GHSp0qE=
github.com/MicahParks/keyfunc v0.4.2/go.mod h1:zLNyBGSzTMF3hq4XLLsZsKvxKe0tqHYSfXoFmv9w9g4=
github.com/caarlos0/env/v6 v6.9.2 h1:vYTmP7KPtHf3LqaQH5Z2AkUY8GmanDrTelXnFzxSK44=
github.com/caarlos0/env/v6 v6.9.2/go.mod h1:hvp/ryKXKipEkcuYjs9mI4bBCg+UI0Yhgm5Zu0ddvwc=
github.com/dgrijalva/jwt-go v3.2.0+incompatible h1:7qlOGliEKZXTDg6OTjfoBKDXWrumCAMpl/TFQ4/5kLM=
github.com/dgrijalva/jwt-go v3.2.0+incompatible/go.mod h1:E3ru+11k8xSBh+hMPgOLZmtrrCbhqsmaPHjLKYnJCaQ=
github.com/form3tech-oss/jwt-go v3.2.2+incompatible h1:TcekIExNqud5crz4xD2pavyTgWiPvpYe4Xau31I0PRk=
github.com/form3tech-oss/jwt-go v3.2.2+incompatible/go.mod h1:pbq4aXjuKjdthFRnoDwaVPLA+WlJuPGy+QneDUgJi2k=
github.com/gorilla/securecookie v1.1.1 h1:miw7JPhV+b/lAHSXz4qd/nN9jRiAFV5FwjeKyCS8BvQ=
github.com/gorilla/securecookie v1.1.1/go.mod h1:ra0sb63/xPlUeL+yeDciTfxMRAA+MP+HVt/4epWDjd4=
github.com/gorilla/sessions v1.2.1 h1:DHd3rPN5lE3Ts3D8rKkQ8x/0kqfeNmBAaiSi+o7FsgI=
github.com/gorilla/sessions v1.2.1/go.mod h1:dk2InVEVJ0sfLlnXv9EAgkf6ecYs/i80K/zI+bUmuGM=
github.com/joho/godotenv v1.4.0 h1:3l4+N6zfMWnkbPEXKng2o2/MR5mSwTrBih4ZEkkz1lg=
github.com/joho/godotenv v1.4.0/go.mod h1:f4LDr5Voq0i2e/R5DDNOoa2zzDfwtkZa6DnEwAbqwq4=
github.com/mojoauth/go-sdk v0.2.0 h1:iDra7BKFYHCtcDNgrerUl9UbUvE/4hLDyfGinge22DY=
github.com/mojoauth/go-sdk v0.2.0/go.mod h1:Af9pHXa/eMEe4pOlw5NUfz0M/m2pN65ZZMs7THlK4eo=
